// !$*UTF8*$!
{
	archiveVersion = 1;
	classes = {
	};
	objectVersion = 51;
	objects = {

/* Begin PBXBuildFile section */
		6F30B5C6E0D003D7767A44FC /* Pods_VIPER_ToDo_Example_2_4.framework in Frameworks */ = {isa = PBXBuildFile; fileRef = 4F4119972F1F9696B7549D90 /* Pods_VIPER_ToDo_Example_2_4.framework */; };
		F79CED46241D1B1C00556B50 /* AppDelegate.swift in Sources */ = {isa = PBXBuildFile; fileRef = F79CED45241D1B1C00556B50 /* AppDelegate.swift */; };
		F79CED48241D1B1C00556B50 /* SceneDelegate.swift in Sources */ = {isa = PBXBuildFile; fileRef = F79CED47241D1B1C00556B50 /* SceneDelegate.swift */; };
		F79CED4A241D1B1C00556B50 /* ViewController.swift in Sources */ = {isa = PBXBuildFile; fileRef = F79CED49241D1B1C00556B50 /* ViewController.swift */; };
		F79CED4D241D1B1C00556B50 /* Main.storyboard in Resources */ = {isa = PBXBuildFile; fileRef = F79CED4B241D1B1C00556B50 /* Main.storyboard */; };
		F79CED4F241D1B2000556B50 /* Assets.xcassets in Resources */ = {isa = PBXBuildFile; fileRef = F79CED4E241D1B2000556B50 /* Assets.xcassets */; };
		F79CED52241D1B2000556B50 /* LaunchScreen.storyboard in Resources */ = {isa = PBXBuildFile; fileRef = F79CED50241D1B2000556B50 /* LaunchScreen.storyboard */; };
		F79CED60241D1BB400556B50 /* ToDoProtocols.swift in Sources */ = {isa = PBXBuildFile; fileRef = F79CED5F241D1BB400556B50 /* ToDoProtocols.swift */; };
		F79CED62241D1FC900556B50 /* ToDoModel.swift in Sources */ = {isa = PBXBuildFile; fileRef = F79CED61241D1FC900556B50 /* ToDoModel.swift */; };
		F79CED64241D231600556B50 /* ToDoInteractor.swift in Sources */ = {isa = PBXBuildFile; fileRef = F79CED63241D231600556B50 /* ToDoInteractor.swift */; };
		F79CED66241D244900556B50 /* ToDoPresenter.swift in Sources */ = {isa = PBXBuildFile; fileRef = F79CED65241D244900556B50 /* ToDoPresenter.swift */; };
		F79CED68241D250900556B50 /* ToDoWireFrame.swift in Sources */ = {isa = PBXBuildFile; fileRef = F79CED67241D250900556B50 /* ToDoWireFrame.swift */; };
/* End PBXBuildFile section */

/* Begin PBXFileReference section */
		4F4119972F1F9696B7549D90 /* Pods_VIPER_ToDo_Example_2_4.framework */ = {isa = PBXFileReference; explicitFileType = wrapper.framework; includeInIndex = 0; path = Pods_VIPER_ToDo_Example_2_4.framework; sourceTree = BUILT_PRODUCTS_DIR; };
		B1B13965ECA8722B9B46494D /* Pods-VIPER_ToDo_Example_2_4.release.xcconfig */ = {isa = PBXFileReference; includeInIndex = 1; lastKnownFileType = text.xcconfig; name = "Pods-VIPER_ToDo_Example_2_4.release.xcconfig"; path = "Target Support Files/Pods-VIPER_ToDo_Example_2_4/Pods-VIPER_ToDo_Example_2_4.release.xcconfig"; sourceTree = "<group>"; };
		E22E231F3A024011221D3C47 /* Pods-VIPER_ToDo_Example_2_4.debug.xcconfig */ = {isa = PBXFileReference; includeInIndex = 1; lastKnownFileType = text.xcconfig; name = "Pods-VIPER_ToDo_Example_2_4.debug.xcconfig"; path = "Target Support Files/Pods-VIPER_ToDo_Example_2_4/Pods-VIPER_ToDo_Example_2_4.debug.xcconfig"; sourceTree = "<group>"; };
		F79CED42241D1B1C00556B50 /* VIPER_ToDo_Example_2_4.app */ = {isa = PBXFileReference; explicitFileType = wrapper.application; includeInIndex = 0; path = VIPER_ToDo_Example_2_4.app; sourceTree = BUILT_PRODUCTS_DIR; };
		F79CED45241D1B1C00556B50 /* AppDelegate.swift */ = {isa = PBXFileReference; lastKnownFileType = sourcecode.swift; path = AppDelegate.swift; sourceTree = "<group>"; };
		F79CED47241D1B1C00556B50 /* SceneDelegate.swift */ = {isa = PBXFileReference; lastKnownFileType = sourcecode.swift; path = SceneDelegate.swift; sourceTree = "<group>"; };
		F79CED49241D1B1C00556B50 /* ViewController.swift */ = {isa = PBXFileReference; lastKnownFileType = sourcecode.swift; path = ViewController.swift; sourceTree = "<group>"; };
		F79CED4C241D1B1C00556B50 /* Base */ = {isa = PBXFileReference; lastKnownFileType = file.storyboard; name = Base; path = Base.lproj/Main.storyboard; sourceTree = "<group>"; };
		F79CED4E241D1B2000556B50 /* Assets.xcassets */ = {isa = PBXFileReference; lastKnownFileType = folder.assetcatalog; path = Assets.xcassets; sourceTree = "<group>"; };
		F79CED51241D1B2000556B50 /* Base */ = {isa = PBXFileReference; lastKnownFileType = file.storyboard; name = Base; path = Base.lproj/LaunchScreen.storyboard; sourceTree = "<group>"; };
		F79CED53241D1B2000556B50 /* Info.plist */ = {isa = PBXFileReference; lastKnownFileType = text.plist.xml; path = Info.plist; sourceTree = "<group>"; };
		F79CED5F241D1BB400556B50 /* ToDoProtocols.swift */ = {isa = PBXFileReference; lastKnownFileType = sourcecode.swift; path = ToDoProtocols.swift; sourceTree = "<group>"; };
		F79CED61241D1FC900556B50 /* ToDoModel.swift */ = {isa = PBXFileReference; lastKnownFileType = sourcecode.swift; path = ToDoModel.swift; sourceTree = "<group>"; };
		F79CED63241D231600556B50 /* ToDoInteractor.swift */ = {isa = PBXFileReference; lastKnownFileType = sourcecode.swift; path = ToDoInteractor.swift; sourceTree = "<group>"; };
		F79CED65241D244900556B50 /* ToDoPresenter.swift */ = {isa = PBXFileReference; lastKnownFileType = sourcecode.swift; path = ToDoPresenter.swift; sourceTree = "<group>"; };
		F79CED67241D250900556B50 /* ToDoWireFrame.swift */ = {isa = PBXFileReference; lastKnownFileType = sourcecode.swift; path = ToDoWireFrame.swift; sourceTree = "<group>"; };
/* End PBXFileReference section */

/* Begin PBXFrameworksBuildPhase section */
		F79CED3F241D1B1C00556B50 /* Frameworks */ = {
			isa = PBXFrameworksBuildPhase;
			buildActionMask = 2147483647;
			files = (
				6F30B5C6E0D003D7767A44FC /* Pods_VIPER_ToDo_Example_2_4.framework in Frameworks */,
			);
			runOnlyForDeploymentPostprocessing = 0;
		};
/* End PBXFrameworksBuildPhase section */

/* Begin PBXGroup section */
		422524233CBB81827754F83B /* Pods */ = {
			isa = PBXGroup;
			children = (
				E22E231F3A024011221D3C47 /* Pods-VIPER_ToDo_Example_2_4.debug.xcconfig */,
				B1B13965ECA8722B9B46494D /* Pods-VIPER_ToDo_Example_2_4.release.xcconfig */,
			);
			path = Pods;
			sourceTree = "<group>";
		};
		441E7F97555BB5BAE1B7162C /* Frameworks */ = {
			isa = PBXGroup;
			children = (
				4F4119972F1F9696B7549D90 /* Pods_VIPER_ToDo_Example_2_4.framework */,
			);
			name = Frameworks;
			sourceTree = "<group>";
		};
		F79CED39241D1B1C00556B50 = {
			isa = PBXGroup;
			children = (
				F79CED44241D1B1C00556B50 /* VIPER_ToDo_Example_2_4 */,
				F79CED43241D1B1C00556B50 /* Products */,
				422524233CBB81827754F83B /* Pods */,
				441E7F97555BB5BAE1B7162C /* Frameworks */,
			);
			sourceTree = "<group>";
		};
		F79CED43241D1B1C00556B50 /* Products */ = {
			isa = PBXGroup;
			children = (
				F79CED42241D1B1C00556B50 /* VIPER_ToDo_Example_2_4.app */,
			);
			name = Products;
			sourceTree = "<group>";
		};
		F79CED44241D1B1C00556B50 /* VIPER_ToDo_Example_2_4 */ = {
			isa = PBXGroup;
			children = (
				F79CED59241D1B4100556B50 /* View */,
				F79CED5A241D1B4D00556B50 /* Interactor */,
				F79CED5B241D1B5C00556B50 /* Presenter */,
				F79CED5C241D1B7800556B50 /* Entity */,
				F79CED5D241D1B8900556B50 /* Router */,
				F79CED5E241D1B9C00556B50 /* Protocols */,
				F79CED45241D1B1C00556B50 /* AppDelegate.swift */,
				F79CED47241D1B1C00556B50 /* SceneDelegate.swift */,
				F79CED4B241D1B1C00556B50 /* Main.storyboard */,
				F79CED4E241D1B2000556B50 /* Assets.xcassets */,
				F79CED50241D1B2000556B50 /* LaunchScreen.storyboard */,
				F79CED53241D1B2000556B50 /* Info.plist */,
			);
			path = VIPER_ToDo_Example_2_4;
			sourceTree = "<group>";
		};
		F79CED59241D1B4100556B50 /* View */ = {
			isa = PBXGroup;
			children = (
				F79CED49241D1B1C00556B50 /* ViewController.swift */,
			);
			path = View;
			sourceTree = "<group>";
		};
		F79CED5A241D1B4D00556B50 /* Interactor */ = {
			isa = PBXGroup;
			children = (
				F79CED63241D231600556B50 /* ToDoInteractor.swift */,
			);
			path = Interactor;
			sourceTree = "<group>";
		};
		F79CED5B241D1B5C00556B50 /* Presenter */ = {
			isa = PBXGroup;
			children = (
				F79CED65241D244900556B50 /* ToDoPresenter.swift */,
			);
			path = Presenter;
			sourceTree = "<group>";
		};
		F79CED5C241D1B7800556B50 /* Entity */ = {
			isa = PBXGroup;
			children = (
				F79CED61241D1FC900556B50 /* ToDoModel.swift */,
			);
			path = Entity;
			sourceTree = "<group>";
		};
		F79CED5D241D1B8900556B50 /* Router */ = {
			isa = PBXGroup;
			children = (
				F79CED67241D250900556B50 /* ToDoWireFrame.swift */,
			);
			path = Router;
			sourceTree = "<group>";
		};
		F79CED5E241D1B9C00556B50 /* Protocols */ = {
			isa = PBXGroup;
			children = (
				F79CED5F241D1BB400556B50 /* ToDoProtocols.swift */,
			);
			path = Protocols;
			sourceTree = "<group>";
		};
/* End PBXGroup section */

/* Begin PBXNativeTarget section */
		F79CED41241D1B1C00556B50 /* VIPER_ToDo_Example_2_4 */ = {
			isa = PBXNativeTarget;
			buildConfigurationList = F79CED56241D1B2000556B50 /* Build configuration list for PBXNativeTarget "VIPER_ToDo_Example_2_4" */;
			buildPhases = (
				86A885B6D1046E840B6FD2DB /* [CP] Check Pods Manifest.lock */,
				F79CED3E241D1B1C00556B50 /* Sources */,
				F79CED3F241D1B1C00556B50 /* Frameworks */,
				F79CED40241D1B1C00556B50 /* Resources */,
				BC30A4752E01CD2838418713 /* [CP] Embed Pods Frameworks */,
			);
			buildRules = (
			);
			dependencies = (
			);
			name = VIPER_ToDo_Example_2_4;
			productName = VIPER_ToDo_Example_2_4;
			productReference = F79CED42241D1B1C00556B50 /* VIPER_ToDo_Example_2_4.app */;
			productType = "com.apple.product-type.application";
		};
/* End PBXNativeTarget section */

/* Begin PBXProject section */
		F79CED3A241D1B1C00556B50 /* Project object */ = {
			isa = PBXProject;
			attributes = {
				LastSwiftUpdateCheck = 1130;
				LastUpgradeCheck = 1130;
				ORGANIZATIONNAME = LY;
				TargetAttributes = {
					F79CED41241D1B1C00556B50 = {
						CreatedOnToolsVersion = 11.3.1;
					};
				};
			};
			buildConfigurationList = F79CED3D241D1B1C00556B50 /* Build configuration list for PBXProject "VIPER_ToDo_Example_2_4" */;
			compatibilityVersion = "Xcode 9.3";
			developmentRegion = en;
			hasScannedForEncodings = 0;
			knownRegions = (
				en,
				Base,
			);
			mainGroup = F79CED39241D1B1C00556B50;
			productRefGroup = F79CED43241D1B1C00556B50 /* Products */;
			projectDirPath = "";
			projectRoot = "";
			targets = (
				F79CED41241D1B1C00556B50 /* VIPER_ToDo_Example_2_4 */,
			);
		};
/* End PBXProject section */

/* Begin PBXResourcesBuildPhase section */
		F79CED40241D1B1C00556B50 /* Resources */ = {
			isa = PBXResourcesBuildPhase;
			buildActionMask = 2147483647;
			files = (
				F79CED52241D1B2000556B50 /* LaunchScreen.storyboard in Resources */,
				F79CED4F241D1B2000556B50 /* Assets.xcassets in Resources */,
				F79CED4D241D1B1C00556B50 /* Main.storyboard in Resources */,
			);
			runOnlyForDeploymentPostprocessing = 0;
		};
/* End PBXResourcesBuildPhase section */

/* Begin PBXShellScriptBuildPhase section */
		86A885B6D1046E840B6FD2DB /* [CP] Check Pods Manifest.lock */ = {
			isa = PBXShellScriptBuildPhase;
			buildActionMask = 2147483647;
			files = (
			);
			inputFileListPaths = (
			);
			inputPaths = (
				"${PODS_PODFILE_DIR_PATH}/Podfile.lock",
				"${PODS_ROOT}/Manifest.lock",
			);
			name = "[CP] Check Pods Manifest.lock";
			outputFileListPaths = (
			);
			outputPaths = (
				"$(DERIVED_FILE_DIR)/Pods-VIPER_ToDo_Example_2_4-checkManifestLockResult.txt",
			);
			runOnlyForDeploymentPostprocessing = 0;
			shellPath = /bin/sh;
			shellScript = "diff \"${PODS_PODFILE_DIR_PATH}/Podfile.lock\" \"${PODS_ROOT}/Manifest.lock\" > /dev/null\nif [ $? != 0 ] ; then\n    # print error to STDERR\n    echo \"error: The sandbox is not in sync with the Podfile.lock. Run 'pod install' or update your CocoaPods installation.\" >&2\n    exit 1\nfi\n# This output is used by Xcode 'outputs' to avoid re-running this script phase.\necho \"SUCCESS\" > \"${SCRIPT_OUTPUT_FILE_0}\"\n";
			showEnvVarsInLog = 0;
		};
		BC30A4752E01CD2838418713 /* [CP] Embed Pods Frameworks */ = {
			isa = PBXShellScriptBuildPhase;
			buildActionMask = 2147483647;
			files = (
			);
			inputFileListPaths = (
				"${PODS_ROOT}/Target Support Files/Pods-VIPER_ToDo_Example_2_4/Pods-VIPER_ToDo_Example_2_4-frameworks-${CONFIGURATION}-input-files.xcfilelist",
			);
			name = "[CP] Embed Pods Frameworks";
			outputFileListPaths = (
				"${PODS_ROOT}/Target Support Files/Pods-VIPER_ToDo_Example_2_4/Pods-VIPER_ToDo_Example_2_4-frameworks-${CONFIGURATION}-output-files.xcfilelist",
			);
			runOnlyForDeploymentPostprocessing = 0;
			shellPath = /bin/sh;
			shellScript = "\"${PODS_ROOT}/Target Support Files/Pods-VIPER_ToDo_Example_2_4/Pods-VIPER_ToDo_Example_2_4-frameworks.sh\"\n";
			showEnvVarsInLog = 0;
		};
/* End PBXShellScriptBuildPhase section */

/* Begin PBXSourcesBuildPhase section */
		F79CED3E241D1B1C00556B50 /* Sources */ = {
			isa = PBXSourcesBuildPhase;
			buildActionMask = 2147483647;
			files = (
				F79CED4A241D1B1C00556B50 /* ViewController.swift in Sources */,
				F79CED60241D1BB400556B50 /* ToDoProtocols.swift in Sources */,
				F79CED62241D1FC900556B50 /* ToDoModel.swift in Sources */,
				F79CED46241D1B1C00556B50 /* AppDelegate.swift in Sources */,
				F79CED64241D231600556B50 /* ToDoInteractor.swift in Sources */,
				F79CED66241D244900556B50 /* ToDoPresenter.swift in Sources */,
				F79CED68241D250900556B50 /* ToDoWireFrame.swift in Sources */,
				F79CED48241D1B1C00556B50 /* SceneDelegate.swift in Sources */,
			);
			runOnlyForDeploymentPostprocessing = 0;
		};
/* End PBXSourcesBuildPhase section */

/* Begin PBXVariantGroup section */
		F79CED4B241D1B1C00556B50 /* Main.storyboard */ = {
			isa = PBXVariantGroup;
			children = (
				F79CED4C241D1B1C00556B50 /* Base */,
			);
			name = Main.storyboard;
			sourceTree = "<group>";
		};
		F79CED50241D1B2000556B50 /* LaunchScreen.storyboard */ = {
			isa = PBXVariantGroup;
			children = (
				F79CED51241D1B2000556B50 /* Base */,
			);
			name = LaunchScreen.storyboard;
			sourceTree = "<group>";
		};
/* End PBXVariantGroup section */

/* Begin XCBuildConfiguration section */
		F79CED54241D1B2000556B50 /* Debug */ = {
			isa = XCBuildConfiguration;
			buildSettings = {
				ALWAYS_SEARCH_USER_PATHS = NO;
				CLANG_ANALYZER_NONNULL = YES;
				CLANG_ANALYZER_NUMBER_OBJECT_CONVERSION = YES_AGGRESSIVE;
				CLANG_CXX_LANGUAGE_STANDARD = "gnu++14";
				CLANG_CXX_LIBRARY = "libc++";
				CLANG_ENABLE_MODULES = YES;
				CLANG_ENABLE_OBJC_ARC = YES;
				CLANG_ENABLE_OBJC_WEAK = YES;
				CLANG_WARN_BLOCK_CAPTURE_AUTORELEASING = YES;
				CLANG_WARN_BOOL_CONVERSION = YES;
				CLANG_WARN_COMMA = YES;
				CLANG_WARN_CONSTANT_CONVERSION = YES;
				CLANG_WARN_DEPRECATED_OBJC_IMPLEMENTATIONS = YES;
				CLANG_WARN_DIRECT_OBJC_ISA_USAGE = YES_ERROR;
				CLANG_WARN_DOCUMENTATION_COMMENTS = YES;
				CLANG_WARN_EMPTY_BODY = YES;
				CLANG_WARN_ENUM_CONVERSION = YES;
				CLANG_WARN_INFINITE_RECURSION = YES;
				CLANG_WARN_INT_CONVERSION = YES;
				CLANG_WARN_NON_LITERAL_NULL_CONVERSION = YES;
				CLANG_WARN_OBJC_IMPLICIT_RETAIN_SELF = YES;
				CLANG_WARN_OBJC_LITERAL_CONVERSION = YES;
				CLANG_WARN_OBJC_ROOT_CLASS = YES_ERROR;
				CLANG_WARN_RANGE_LOOP_ANALYSIS = YES;
				CLANG_WARN_STRICT_PROTOTYPES = YES;
				CLANG_WARN_SUSPICIOUS_MOVE = YES;
				CLANG_WARN_UNGUARDED_AVAILABILITY = YES_AGGRESSIVE;
				CLANG_WARN_UNREACHABLE_CODE = YES;
				CLANG_WARN__DUPLICATE_METHOD_MATCH = YES;
				COPY_PHASE_STRIP = NO;
				DEBUG_INFORMATION_FORMAT = dwarf;
				ENABLE_STRICT_OBJC_MSGSEND = YES;
				ENABLE_TESTABILITY = YES;
				GCC_C_LANGUAGE_STANDARD = gnu11;
				GCC_DYNAMIC_NO_PIC = NO;
				GCC_NO_COMMON_BLOCKS = YES;
				GCC_OPTIMIZATION_LEVEL = 0;
				GCC_PREPROCESSOR_DEFINITIONS = (
					"DEBUG=1",
					"$(inherited)",
				);
				GCC_WARN_64_TO_32_BIT_CONVERSION = YES;
				GCC_WARN_ABOUT_RETURN_TYPE = YES_ERROR;
				GCC_WARN_UNDECLARED_SELECTOR = YES;
				GCC_WARN_UNINITIALIZED_AUTOS = YES_AGGRESSIVE;
				GCC_WARN_UNUSED_FUNCTION = YES;
				GCC_WARN_UNUSED_VARIABLE = YES;
				IPHONEOS_DEPLOYMENT_TARGET = 13.2;
				MTL_ENABLE_DEBUG_INFO = INCLUDE_SOURCE;
				MTL_FAST_MATH = YES;
				ONLY_ACTIVE_ARCH = YES;
				SDKROOT = iphoneos;
				SWIFT_ACTIVE_COMPILATION_CONDITIONS = DEBUG;
				SWIFT_OPTIMIZATION_LEVEL = "-Onone";
			};
			name = Debug;
		};
		F79CED55241D1B2000556B50 /* Release */ = {
			isa = XCBuildConfiguration;
			buildSettings = {
				ALWAYS_SEARCH_USER_PATHS = NO;
				CLANG_ANALYZER_NONNULL = YES;
				CLANG_ANALYZER_NUMBER_OBJECT_CONVERSION = YES_AGGRESSIVE;
				CLANG_CXX_LANGUAGE_STANDARD = "gnu++14";
				CLANG_CXX_LIBRARY = "libc++";
				CLANG_ENABLE_MODULES = YES;
				CLANG_ENABLE_OBJC_ARC = YES;
				CLANG_ENABLE_OBJC_WEAK = YES;
				CLANG_WARN_BLOCK_CAPTURE_AUTORELEASING = YES;
				CLANG_WARN_BOOL_CONVERSION = YES;
				CLANG_WARN_COMMA = YES;
				CLANG_WARN_CONSTANT_CONVERSION = YES;
				CLANG_WARN_DEPRECATED_OBJC_IMPLEMENTATIONS = YES;
				CLANG_WARN_DIRECT_OBJC_ISA_USAGE = YES_ERROR;
				CLANG_WARN_DOCUMENTATION_COMMENTS = YES;
				CLANG_WARN_EMPTY_BODY = YES;
				CLANG_WARN_ENUM_CONVERSION = YES;
				CLANG_WARN_INFINITE_RECURSION = YES;
				CLANG_WARN_INT_CONVERSION = YES;
				CLANG_WARN_NON_LITERAL_NULL_CONVERSION = YES;
				CLANG_WARN_OBJC_IMPLICIT_RETAIN_SELF = YES;
				CLANG_WARN_OBJC_LITERAL_CONVERSION = YES;
				CLANG_WARN_OBJC_ROOT_CLASS = YES_ERROR;
				CLANG_WARN_RANGE_LOOP_ANALYSIS = YES;
				CLANG_WARN_STRICT_PROTOTYPES = YES;
				CLANG_WARN_SUSPICIOUS_MOVE = YES;
				CLANG_WARN_UNGUARDED_AVAILABILITY = YES_AGGRESSIVE;
				CLANG_WARN_UNREACHABLE_CODE = YES;
				CLANG_WARN__DUPLICATE_METHOD_MATCH = YES;
				COPY_PHASE_STRIP = NO;
				DEBUG_INFORMATION_FORMAT = "dwarf-with-dsym";
				ENABLE_NS_ASSERTIONS = NO;
				ENABLE_STRICT_OBJC_MSGSEND = YES;
				GCC_C_LANGUAGE_STANDARD = gnu11;
				GCC_NO_COMMON_BLOCKS = YES;
				GCC_WARN_64_TO_32_BIT_CONVERSION = YES;
				GCC_WARN_ABOUT_RETURN_TYPE = YES_ERROR;
				GCC_WARN_UNDECLARED_SELECTOR = YES;
				GCC_WARN_UNINITIALIZED_AUTOS = YES_AGGRESSIVE;
				GCC_WARN_UNUSED_FUNCTION = YES;
				GCC_WARN_UNUSED_VARIABLE = YES;
				IPHONEOS_DEPLOYMENT_TARGET = 13.2;
				MTL_ENABLE_DEBUG_INFO = NO;
				MTL_FAST_MATH = YES;
				SDKROOT = iphoneos;
				SWIFT_COMPILATION_MODE = wholemodule;
				SWIFT_OPTIMIZATION_LEVEL = "-O";
				VALIDATE_PRODUCT = YES;
			};
			name = Release;
		};
		F79CED57241D1B2000556B50 /* Debug */ = {
			isa = XCBuildConfiguration;
			baseConfigurationReference = E22E231F3A024011221D3C47 /* Pods-VIPER_ToDo_Example_2_4.debug.xcconfig */;
			buildSettings = {
				ASSETCATALOG_COMPILER_APPICON_NAME = AppIcon;
				CODE_SIGN_STYLE = Automatic;
				INFOPLIST_FILE = VIPER_ToDo_Example_2_4/Info.plist;
				LD_RUNPATH_SEARCH_PATHS = (
					"$(inherited)",
					"@executable_path/Frameworks",
				);
				PRODUCT_BUNDLE_IDENTIFIER = "LY.VIPER-ToDo-Example-2-4";
				PRODUCT_NAME = "$(TARGET_NAME)";
				SWIFT_VERSION = 5.0;
				TARGETED_DEVICE_FAMILY = "1,2";
			};
			name = Debug;
		};
		F79CED58241D1B2000556B50 /* Release */ = {
			isa = XCBuildConfiguration;
			baseConfigurationReference = B1B13965ECA8722B9B46494D /* Pods-VIPER_ToDo_Example_2_4.release.xcconfig */;
			buildSettings = {
				ASSETCATALOG_COMPILER_APPICON_NAME = AppIcon;
				CODE_SIGN_STYLE = Automatic;
				INFOPLIST_FILE = VIPER_ToDo_Example_2_4/Info.plist;
				LD_RUNPATH_SEARCH_PATHS = (
					"$(inherited)",
					"@executable_path/Frameworks",
				);
				PRODUCT_BUNDLE_IDENTIFIER = "LY.VIPER-ToDo-Example-2-4";
				PRODUCT_NAME = "$(TARGET_NAME)";
				SWIFT_VERSION = 5.0;
				TARGETED_DEVICE_FAMILY = "1,2";
			};
			name = Release;
		};
/* End XCBuildConfiguration section */

/* Begin XCConfigurationList section */
		F79CED3D241D1B1C00556B50 /* Build configuration list for PBXProject "VIPER_ToDo_Example_2_4" */ = {
			isa = XCConfigurationList;
			buildConfigurations = (
				F79CED54241D1B2000556B50 /* Debug */,
				F79CED55241D1B2000556B50 /* Release */,
			);
			defaultConfigurationIsVisible = 0;
			defaultConfigurationName = Release;
		};
		F79CED56241D1B2000556B50 /* Build configuration list for PBXNativeTarget "VIPER_ToDo_Example_2_4" */ = {
			isa = XCConfigurationList;
			buildConfigurations = (
				F79CED57241D1B2000556B50 /* Debug */,
				F79CED58241D1B2000556B50 /* Release */,
			);
			defaultConfigurationIsVisible = 0;
			defaultConfigurationName = Release;
		};
/* End XCConfigurationList section */
	};
	rootObject = F79CED3A241D1B1C00556B50 /* Project object */;
}
